github.com/golang-jwt/jwt/v5 v5.2.1 h1:OuVbFODueb089Lh128TAcimifWaLhJwVflnrgM17wHk=
github.com/golang-jwt/jwt/v5 v5.2.1/go.mod h1:pqrtFR0X4osieyHYxtmOUWsAWrfe1Q5UVIyoH402zdk=
github.com/google/uuid v1.6.0 h1:NIvaJDMOsjHA8n1jAhLSgzrAzy1Hgr+hNrb57e+94F0=
github.com/google/uuid v1.6.0/go.mod h1:TIyPZe4MgqvfeYDBFedMoGGpEw/LqOeaOT+nhxU+yHo=
github.com/hasura/go-graphql-client v0.13.0 h1:mPYtqToLttIk/89hIHJYQgPShdBffrloCk6Pn4QqNfo=
github.com/hasura/go-graphql-client v0.13.0/go.mod h1:17qYcHgGSensF/wMAHKUhtMYaRZwZa3TyD7biqH9L3k=
github.com/heroiclabs/nakama-common v1.33.0 h1:ojGPgVZ/goyAH6jrm3Emg7034yGDdqB/f5vTa6AJ5n0=
github.com/heroiclabs/nakama-common v1.33.0/go.mod h1:lPG64MVCs0/tEkh311Cd6oHX9NLx2vAPx7WW7QCJHQ0=
google.golang.org/protobuf v1.34.1 h1:9ddQBjfCyZPOHPUiPxpYESBLc+T8P3E+Vo4IbKZgFWg=
google.golang.org/protobuf v1.34.1/go.mod h1:c6P6GXX6sHbq/GpV6MGZEdwhWPcYBgnhAHhKbcUYpos=
nhooyr.io/websocket v1.8.17 h1:KEVeLJkUywCKVsnLIDlD/5gtayKp8VoCkksHCGGfT9Y=
nhooyr.io/websocket v1.8.17/go.mod h1:rN9OFWIUwuxg4fR5tELlYC04bXYowCP9GX47ivo2l+c=
